
Microsoft Visual Studio Solution File, Format Version 12.00
# Visual Studio 15
VisualStudioVersion = 15.0.28307.136
MinimumVisualStudioVersion = 10.0.40219.1
Project("{FAE04EC0-301F-11D3-BF4B-00C04F79EFBC}") = "HS-MySQL-WPF-Animals", "HS-MySQL-WPF-Animals\HS-MySQL-WPF-Animals.csproj", "{ED9149C6-0127-4D7A-87B9-90257AB528FE}"
EndProject
Global
	GlobalSection(SolutionConfigurationPlatforms) = preSolution
		Debug|Any CPU = Debug|Any CPU
		Release|Any CPU = Release|Any CPU
	EndGlobalSection
	GlobalSection(ProjectConfigurationPlatforms) = postSolution
		{ED9149C6-0127-4D7A-87B9-90257AB528FE}.Debug|Any CPU.ActiveCfg = Debug|Any CPU
		{ED9149C6-0127-4D7A-87B9-90257AB528FE}.Debug|Any CPU.Build.0 = Debug|Any CPU
		{ED9149C6-0127-4D7A-87B9-90257AB528FE}.Release|Any CPU.ActiveCfg = Release|Any CPU
		{ED9149C6-0127-4D7A-87B9-90257AB528FE}.Release|Any CPU.Build.0 = Release|Any CPU
	EndGlobalSection
	GlobalSection(SolutionProperties) = preSolution
		HideSolutionNode = FALSE
	EndGlobalSection
	GlobalSection(ExtensibilityGlobals) = postSolution
		SolutionGuid = {0AE61D53-C7DA-4C8C-B0F8-E9FF7A3D9C8A}
	EndGlobalSection
EndGlobal
